
Microsoft Visual Studio Solution File, Format Version 12.00
# Visual Studio Version 16
VisualStudioVersion = 16.0.30804.86
MinimumVisualStudioVersion = 10.0.40219.1
Project("{FAE04EC0-301F-11D3-BF4B-00C04F79EFBC}") = "Mnr", "Mnr\Mnr.csproj", "{E4ED15EB-6F21-43D2-8EDB-989FC3C64795}"
EndProject
Global
	GlobalSection(SolutionConfigurationPlatforms) = preSolution
		Debug|Any CPU = Debug|Any CPU
		Release|Any CPU = Release|Any CPU
	EndGlobalSection
	GlobalSection(ProjectConfigurationPlatforms) = postSolution
		{E4ED15EB-6F21-43D2-8EDB-989FC3C64795}.Debug|Any CPU.ActiveCfg = Debug|Any CPU
		{E4ED15EB-6F21-43D2-8EDB-989FC3C64795}.Debug|Any CPU.Build.0 = Debug|Any CPU
		{E4ED15EB-6F21-43D2-8EDB-989FC3C64795}.Release|Any CPU.ActiveCfg = Release|Any CPU
		{E4ED15EB-6F21-43D2-8EDB-989FC3C64795}.Release|Any CPU.Build.0 = Release|Any CPU
	EndGlobalSection
	GlobalSection(SolutionProperties) = preSolution
		HideSolutionNode = FALSE
	EndGlobalSection
	GlobalSection(ExtensibilityGlobals) = postSolution
		SolutionGuid = {6654D16F-D90C-4BC9-9771-D97B841DF6CD}
	EndGlobalSection
EndGlobal
